PODS:
  - OCMock (3.0.2)
  - OHHTTPStubs (3.1.2)
  - Subliminal (1.1.0)

DEPENDENCIES:
  - OCMock (~> 3.0.2)
  - OHHTTPStubs (~> 3.1.2)
  - Subliminal (~> 1.1.0)

SPEC CHECKSUMS:
  OCMock: b9836ab89d8d5e66cbe6333f93857037c310ee62
  OHHTTPStubs: c1c2007839687eaf9b80f061ce84440515080ebb
  Subliminal: ed7811c592f738e99e0d89b80dbbeb08af14f1bf

COCOAPODS: 0.33.1
