PODS:
  - AFNetworking (2.4.1):
    - AFNetworking/NSURLConnection (= 2.4.1)
    - AFNetworking/NSURLSession (= 2.4.1)
    - AFNetworking/Reachability (= 2.4.1)
    - AFNetworking/Security (= 2.4.1)
    - AFNetworking/Serialization (= 2.4.1)
    - AFNetworking/UIKit (= 2.4.1)
  - AFNetworking/NSURLConnection (2.4.1):
    - AFNetworking/Reachability
    - AFNetworking/Security
    - AFNetworking/Serialization
  - AFNetworking/NSURLSession (2.4.1):
    - AFNetworking/Reachability
    - AFNetworking/Security
    - AFNetworking/Serialization
  - AFNetworking/Reachability (2.4.1)
  - AFNetworking/Security (2.4.1)
  - AFNetworking/Serialization (2.4.1)
  - AFNetworking/UIKit (2.4.1):
    - AFNetworking/NSURLConnection
    - AFNetworking/NSURLSession
  - MBProgressHUD (0.9)
  - OCMock (3.0.2)
  - OHHTTPStubs (3.1.6):
    - OHHTTPStubs/Core (= 3.1.6)
  - OHHTTPStubs/Core (3.1.6)

DEPENDENCIES:
  - AFNetworking (~> 2.4.1)
  - MBProgressHUD (~> 0.9)
  - OCMock (~> 3.0.2)
  - OHHTTPStubs (~> 3.1.2)

SPEC CHECKSUMS:
  AFNetworking: 0aabc6fae66d6e5d039eeb21c315843c7aae51ab
  MBProgressHUD: 2038dbcf3dce73215abed6001657043d53aa79a8
  OCMock: b9836ab89d8d5e66cbe6333f93857037c310ee62
  OHHTTPStubs: 6781373b69e0a67b27239799f11764d0fbefac55

COCOAPODS: 0.35.0
