// !$*UTF8*$!
{
	archiveVersion = 1;
	classes = {
	};
	objectVersion = 46;
	objects = {

/* Begin PBXBuildFile section */
		45236D511B7CD6B1002F2108 /* main.m in Sources */ = {isa = PBXBuildFile; fileRef = 45236D501B7CD6B1002F2108 /* main.m */; };
		45236D541B7CD6B1002F2108 /* AppDelegate.m in Sources */ = {isa = PBXBuildFile; fileRef = 45236D531B7CD6B1002F2108 /* AppDelegate.m */; };
		45236D571B7CD6B1002F2108 /* RootViewController.m in Sources */ = {isa = PBXBuildFile; fileRef = 45236D561B7CD6B1002F2108 /* RootViewController.m */; };
		45236D5A1B7CD6B1002F2108 /* Main.storyboard in Resources */ = {isa = PBXBuildFile; fileRef = 45236D581B7CD6B1002F2108 /* Main.storyboard */; };
		45236D5C1B7CD6B1002F2108 /* Images.xcassets in Resources */ = {isa = PBXBuildFile; fileRef = 45236D5B1B7CD6B1002F2108 /* Images.xcassets */; };
		45236D5F1B7CD6B1002F2108 /* LaunchScreen.xib in Resources */ = {isa = PBXBuildFile; fileRef = 45236D5D1B7CD6B1002F2108 /* LaunchScreen.xib */; };
		45A4D8741B7CD98B0098E0BF /* FPPicker.framework in Frameworks */ = {isa = PBXBuildFile; fileRef = 45A4D8691B7CD9790098E0BF /* FPPicker.framework */; };
		45A4D8751B7CD98B0098E0BF /* FPPicker.framework in Embed Frameworks */ = {isa = PBXBuildFile; fileRef = 45A4D8691B7CD9790098E0BF /* FPPicker.framework */; settings = {ATTRIBUTES = (CodeSignOnCopy, RemoveHeadersOnCopy, ); }; };
/* End PBXBuildFile section */

/* Begin PBXContainerItemProxy section */
		45A4D8681B7CD9790098E0BF /* PBXContainerItemProxy */ = {
			isa = PBXContainerItemProxy;
			containerPortal = 45A4D8601B7CD9790098E0BF /* FPPicker.xcodeproj */;
			proxyType = 2;
			remoteGlobalIDString = 4531447D19EC3DB5003230F5;
			remoteInfo = FPPicker;
		};
		45A4D86A1B7CD9790098E0BF /* PBXContainerItemProxy */ = {
			isa = PBXContainerItemProxy;
			containerPortal = 45A4D8601B7CD9790098E0BF /* FPPicker.xcodeproj */;
			proxyType = 2;
			remoteGlobalIDString = 45C13B23199CEA4A002DE7D3;
			remoteInfo = FPPickerMac;
		};
		45A4D86C1B7CD9790098E0BF /* PBXContainerItemProxy */ = {
			isa = PBXContainerItemProxy;
			containerPortal = 45A4D8601B7CD9790098E0BF /* FPPicker.xcodeproj */;
			proxyType = 2;
			remoteGlobalIDString = 83A0317415A8A2A40085E186;
			remoteInfo = "FPPicker Resources";
		};
		45A4D86E1B7CD9790098E0BF /* PBXContainerItemProxy */ = {
			isa = PBXContainerItemProxy;
			containerPortal = 45A4D8601B7CD9790098E0BF /* FPPicker.xcodeproj */;
			proxyType = 2;
			remoteGlobalIDString = 4546C16119EC4BCC00477C9B;
			remoteInfo = "FPPicker Resources Mac";
		};
		45A4D8701B7CD9790098E0BF /* PBXContainerItemProxy */ = {
			isa = PBXContainerItemProxy;
			containerPortal = 45A4D8601B7CD9790098E0BF /* FPPicker.xcodeproj */;
			proxyType = 2;
			remoteGlobalIDString = 458B1FEA1949D726008360E9;
			remoteInfo = "FPPicker Functional Tests";
		};
		45A4D8721B7CD97E0098E0BF /* PBXContainerItemProxy */ = {
			isa = PBXContainerItemProxy;
			containerPortal = 45A4D8601B7CD9790098E0BF /* FPPicker.xcodeproj */;
			proxyType = 1;
			remoteGlobalIDString = 4531447C19EC3DB5003230F5;
			remoteInfo = FPPicker;
		};
		45A4D8761B7CD98B0098E0BF /* PBXContainerItemProxy */ = {
			isa = PBXContainerItemProxy;
			containerPortal = 45A4D8601B7CD9790098E0BF /* FPPicker.xcodeproj */;
			proxyType = 1;
			remoteGlobalIDString = 4531447C19EC3DB5003230F5;
			remoteInfo = FPPicker;
		};
/* End PBXContainerItemProxy section */

/* Begin PBXCopyFilesBuildPhase section */
		45A4D8781B7CD98C0098E0BF /* Embed Frameworks */ = {
			isa = PBXCopyFilesBuildPhase;
			buildActionMask = 2147483647;
			dstPath = "";
			dstSubfolderSpec = 10;
			files = (
				45A4D8751B7CD98B0098E0BF /* FPPicker.framework in Embed Frameworks */,
			);
			name = "Embed Frameworks";
			runOnlyForDeploymentPostprocessing = 0;
		};
/* End PBXCopyFilesBuildPhase section */

/* Begin PBXFileReference section */
		45236D4B1B7CD6B1002F2108 /* FPPicker iOS API Demo.app */ = {isa = PBXFileReference; explicitFileType = wrapper.application; includeInIndex = 0; path = "FPPicker iOS API Demo.app"; sourceTree = BUILT_PRODUCTS_DIR; };
		45236D4F1B7CD6B1002F2108 /* Info.plist */ = {isa = PBXFileReference; lastKnownFileType = text.plist.xml; path = Info.plist; sourceTree = "<group>"; };
		45236D501B7CD6B1002F2108 /* main.m */ = {isa = PBXFileReference; lastKnownFileType = sourcecode.c.objc; path = main.m; sourceTree = "<group>"; };
		45236D521B7CD6B1002F2108 /* AppDelegate.h */ = {isa = PBXFileReference; lastKnownFileType = sourcecode.c.h; path = AppDelegate.h; sourceTree = "<group>"; };
		45236D531B7CD6B1002F2108 /* AppDelegate.m */ = {isa = PBXFileReference; lastKnownFileType = sourcecode.c.objc; path = AppDelegate.m; sourceTree = "<group>"; };
		45236D551B7CD6B1002F2108 /* RootViewController.h */ = {isa = PBXFileReference; lastKnownFileType = sourcecode.c.h; path = RootViewController.h; sourceTree = "<group>"; };
		45236D561B7CD6B1002F2108 /* RootViewController.m */ = {isa = PBXFileReference; lastKnownFileType = sourcecode.c.objc; path = RootViewController.m; sourceTree = "<group>"; };
		45236D591B7CD6B1002F2108 /* Base */ = {isa = PBXFileReference; lastKnownFileType = file.storyboard; name = Base; path = Base.lproj/Main.storyboard; sourceTree = "<group>"; };
		45236D5B1B7CD6B1002F2108 /* Images.xcassets */ = {isa = PBXFileReference; lastKnownFileType = folder.assetcatalog; path = Images.xcassets; sourceTree = "<group>"; };
		45236D5E1B7CD6B1002F2108 /* Base */ = {isa = PBXFileReference; lastKnownFileType = file.xib; name = Base; path = Base.lproj/LaunchScreen.xib; sourceTree = "<group>"; };
		45A4D8601B7CD9790098E0BF /* FPPicker.xcodeproj */ = {isa = PBXFileReference; lastKnownFileType = "wrapper.pb-project"; name = FPPicker.xcodeproj; path = ../FPPicker.xcodeproj; sourceTree = "<group>"; };
/* End PBXFileReference section */

/* Begin PBXFrameworksBuildPhase section */
		45236D481B7CD6B1002F2108 /* Frameworks */ = {
			isa = PBXFrameworksBuildPhase;
			buildActionMask = 2147483647;
			files = (
				45A4D8741B7CD98B0098E0BF /* FPPicker.framework in Frameworks */,
			);
			runOnlyForDeploymentPostprocessing = 0;
		};
/* End PBXFrameworksBuildPhase section */

/* Begin PBXGroup section */
		45236D421B7CD6B1002F2108 = {
			isa = PBXGroup;
			children = (
				45A4D8601B7CD9790098E0BF /* FPPicker.xcodeproj */,
				45236D4D1B7CD6B1002F2108 /* FPPicker iOS API Demo */,
				45236D4C1B7CD6B1002F2108 /* Products */,
			);
			sourceTree = "<group>";
		};
		45236D4C1B7CD6B1002F2108 /* Products */ = {
			isa = PBXGroup;
			children = (
				45236D4B1B7CD6B1002F2108 /* FPPicker iOS API Demo.app */,
			);
			name = Products;
			sourceTree = "<group>";
		};
		45236D4D1B7CD6B1002F2108 /* FPPicker iOS API Demo */ = {
			isa = PBXGroup;
			children = (
				45236D521B7CD6B1002F2108 /* AppDelegate.h */,
				45236D531B7CD6B1002F2108 /* AppDelegate.m */,
				45236D551B7CD6B1002F2108 /* RootViewController.h */,
				45236D561B7CD6B1002F2108 /* RootViewController.m */,
				45236D581B7CD6B1002F2108 /* Main.storyboard */,
				45236D5B1B7CD6B1002F2108 /* Images.xcassets */,
				45236D5D1B7CD6B1002F2108 /* LaunchScreen.xib */,
				45236D4E1B7CD6B1002F2108 /* Supporting Files */,
			);
			path = "FPPicker iOS API Demo";
			sourceTree = "<group>";
		};
		45236D4E1B7CD6B1002F2108 /* Supporting Files */ = {
			isa = PBXGroup;
			children = (
				45236D4F1B7CD6B1002F2108 /* Info.plist */,
				45236D501B7CD6B1002F2108 /* main.m */,
			);
			name = "Supporting Files";
			sourceTree = "<group>";
		};
		45A4D8611B7CD9790098E0BF /* Products */ = {
			isa = PBXGroup;
			children = (
				45A4D8691B7CD9790098E0BF /* FPPicker.framework */,
				45A4D86B1B7CD9790098E0BF /* FPPickerMac.framework */,
				45A4D86D1B7CD9790098E0BF /* FPPicker.bundle */,
				45A4D86F1B7CD9790098E0BF /* FPPicker.bundle */,
				45A4D8711B7CD9790098E0BF /* FPPicker Functional Tests.xctest */,
			);
			name = Products;
			sourceTree = "<group>";
		};
/* End PBXGroup section */

/* Begin PBXNativeTarget section */
		45236D4A1B7CD6B1002F2108 /* FPPicker iOS API Demo */ = {
			isa = PBXNativeTarget;
			buildConfigurationList = 45236D6E1B7CD6B1002F2108 /* Build configuration list for PBXNativeTarget "FPPicker iOS API Demo" */;
			buildPhases = (
				45236D471B7CD6B1002F2108 /* Sources */,
				45236D481B7CD6B1002F2108 /* Frameworks */,
				45236D491B7CD6B1002F2108 /* Resources */,
				45A4D8781B7CD98C0098E0BF /* Embed Frameworks */,
			);
			buildRules = (
			);
			dependencies = (
				45A4D8731B7CD97E0098E0BF /* PBXTargetDependency */,
				45A4D8771B7CD98B0098E0BF /* PBXTargetDependency */,
			);
			name = "FPPicker iOS API Demo";
			productName = "FPPicker iOS API Demo";
			productReference = 45236D4B1B7CD6B1002F2108 /* FPPicker iOS API Demo.app */;
			productType = "com.apple.product-type.application";
		};
/* End PBXNativeTarget section */

/* Begin PBXProject section */
		45236D431B7CD6B1002F2108 /* Project object */ = {
			isa = PBXProject;
			attributes = {
				LastUpgradeCheck = 0700;
				ORGANIZATIONNAME = Filepicker.io;
				TargetAttributes = {
					45236D4A1B7CD6B1002F2108 = {
						CreatedOnToolsVersion = 6.4;
					};
				};
			};
			buildConfigurationList = 45236D461B7CD6B1002F2108 /* Build configuration list for PBXProject "FPPicker iOS API Demo" */;
			compatibilityVersion = "Xcode 3.2";
			developmentRegion = English;
			hasScannedForEncodings = 0;
			knownRegions = (
				en,
				Base,
			);
			mainGroup = 45236D421B7CD6B1002F2108;
			productRefGroup = 45236D4C1B7CD6B1002F2108 /* Products */;
			projectDirPath = "";
			projectReferences = (
				{
					ProductGroup = 45A4D8611B7CD9790098E0BF /* Products */;
					ProjectRef = 45A4D8601B7CD9790098E0BF /* FPPicker.xcodeproj */;
				},
			);
			projectRoot = "";
			targets = (
				45236D4A1B7CD6B1002F2108 /* FPPicker iOS API Demo */,
			);
		};
/* End PBXProject section */

/* Begin PBXReferenceProxy section */
		45A4D8691B7CD9790098E0BF /* FPPicker.framework */ = {
			isa = PBXReferenceProxy;
			fileType = wrapper.framework;
			path = FPPicker.framework;
			remoteRef = 45A4D8681B7CD9790098E0BF /* PBXContainerItemProxy */;
			sourceTree = BUILT_PRODUCTS_DIR;
		};
		45A4D86B1B7CD9790098E0BF /* FPPickerMac.framework */ = {
			isa = PBXReferenceProxy;
			fileType = wrapper.framework;
			path = FPPickerMac.framework;
			remoteRef = 45A4D86A1B7CD9790098E0BF /* PBXContainerItemProxy */;
			sourceTree = BUILT_PRODUCTS_DIR;
		};
		45A4D86D1B7CD9790098E0BF /* FPPicker.bundle */ = {
			isa = PBXReferenceProxy;
			fileType = wrapper.cfbundle;
			path = FPPicker.bundle;
			remoteRef = 45A4D86C1B7CD9790098E0BF /* PBXContainerItemProxy */;
			sourceTree = BUILT_PRODUCTS_DIR;
		};
		45A4D86F1B7CD9790098E0BF /* FPPicker.bundle */ = {
			isa = PBXReferenceProxy;
			fileType = wrapper.cfbundle;
			path = FPPicker.bundle;
			remoteRef = 45A4D86E1B7CD9790098E0BF /* PBXContainerItemProxy */;
			sourceTree = BUILT_PRODUCTS_DIR;
		};
		45A4D8711B7CD9790098E0BF /* FPPicker Functional Tests.xctest */ = {
			isa = PBXReferenceProxy;
			fileType = wrapper.cfbundle;
			path = "FPPicker Functional Tests.xctest";
			remoteRef = 45A4D8701B7CD9790098E0BF /* PBXContainerItemProxy */;
			sourceTree = BUILT_PRODUCTS_DIR;
		};
/* End PBXReferenceProxy section */

/* Begin PBXResourcesBuildPhase section */
		45236D491B7CD6B1002F2108 /* Resources */ = {
			isa = PBXResourcesBuildPhase;
			buildActionMask = 2147483647;
			files = (
				45236D5A1B7CD6B1002F2108 /* Main.storyboard in Resources */,
				45236D5F1B7CD6B1002F2108 /* LaunchScreen.xib in Resources */,
				45236D5C1B7CD6B1002F2108 /* Images.xcassets in Resources */,
			);
			runOnlyForDeploymentPostprocessing = 0;
		};
/* End PBXResourcesBuildPhase section */

/* Begin PBXSourcesBuildPhase section */
		45236D471B7CD6B1002F2108 /* Sources */ = {
			isa = PBXSourcesBuildPhase;
			buildActionMask = 2147483647;
			files = (
				45236D571B7CD6B1002F2108 /* RootViewController.m in Sources */,
				45236D541B7CD6B1002F2108 /* AppDelegate.m in Sources */,
				45236D511B7CD6B1002F2108 /* main.m in Sources */,
			);
			runOnlyForDeploymentPostprocessing = 0;
		};
/* End PBXSourcesBuildPhase section */

/* Begin PBXTargetDependency section */
		45A4D8731B7CD97E0098E0BF /* PBXTargetDependency */ = {
			isa = PBXTargetDependency;
			name = FPPicker;
			targetProxy = 45A4D8721B7CD97E0098E0BF /* PBXContainerItemProxy */;
		};
		45A4D8771B7CD98B0098E0BF /* PBXTargetDependency */ = {
			isa = PBXTargetDependency;
			name = FPPicker;
			targetProxy = 45A4D8761B7CD98B0098E0BF /* PBXContainerItemProxy */;
		};
/* End PBXTargetDependency section */

/* Begin PBXVariantGroup section */
		45236D581B7CD6B1002F2108 /* Main.storyboard */ = {
			isa = PBXVariantGroup;
			children = (
				45236D591B7CD6B1002F2108 /* Base */,
			);
			name = Main.storyboard;
			sourceTree = "<group>";
		};
		45236D5D1B7CD6B1002F2108 /* LaunchScreen.xib */ = {
			isa = PBXVariantGroup;
			children = (
				45236D5E1B7CD6B1002F2108 /* Base */,
			);
			name = LaunchScreen.xib;
			sourceTree = "<group>";
		};
/* End PBXVariantGroup section */

/* Begin XCBuildConfiguration section */
		45236D6C1B7CD6B1002F2108 /* Debug */ = {
			isa = XCBuildConfiguration;
			buildSettings = {
				ALWAYS_SEARCH_USER_PATHS = NO;
				CLANG_CXX_LANGUAGE_STANDARD = "gnu++0x";
				CLANG_CXX_LIBRARY = "libc++";
				CLANG_ENABLE_MODULES = YES;
				CLANG_ENABLE_OBJC_ARC = YES;
				CLANG_WARN_BOOL_CONVERSION = YES;
				CLANG_WARN_CONSTANT_CONVERSION = YES;
				CLANG_WARN_DIRECT_OBJC_ISA_USAGE = YES_ERROR;
				CLANG_WARN_EMPTY_BODY = YES;
				CLANG_WARN_ENUM_CONVERSION = YES;
				CLANG_WARN_INT_CONVERSION = YES;
				CLANG_WARN_OBJC_ROOT_CLASS = YES_ERROR;
				CLANG_WARN_UNREACHABLE_CODE = YES;
				CLANG_WARN__DUPLICATE_METHOD_MATCH = YES;
				"CODE_SIGN_IDENTITY[sdk=iphoneos*]" = "iPhone Developer";
				COPY_PHASE_STRIP = NO;
				DEBUG_INFORMATION_FORMAT = "dwarf-with-dsym";
				ENABLE_STRICT_OBJC_MSGSEND = YES;
				ENABLE_TESTABILITY = YES;
				GCC_C_LANGUAGE_STANDARD = gnu99;
				GCC_DYNAMIC_NO_PIC = NO;
				GCC_NO_COMMON_BLOCKS = YES;
				GCC_OPTIMIZATION_LEVEL = 0;
				GCC_PREPROCESSOR_DEFINITIONS = (
					"DEBUG=1",
					"$(inherited)",
				);
				GCC_SYMBOLS_PRIVATE_EXTERN = NO;
				GCC_WARN_64_TO_32_BIT_CONVERSION = YES;
				GCC_WARN_ABOUT_RETURN_TYPE = YES_ERROR;
				GCC_WARN_UNDECLARED_SELECTOR = YES;
				GCC_WARN_UNINITIALIZED_AUTOS = YES_AGGRESSIVE;
				GCC_WARN_UNUSED_FUNCTION = YES;
				GCC_WARN_UNUSED_VARIABLE = YES;
				IPHONEOS_DEPLOYMENT_TARGET = 8.4;
				MTL_ENABLE_DEBUG_INFO = YES;
				ONLY_ACTIVE_ARCH = YES;
				SDKROOT = iphoneos;
				TARGETED_DEVICE_FAMILY = "1,2";
			};
			name = Debug;
		};
		45236D6D1B7CD6B1002F2108 /* Release */ = {
			isa = XCBuildConfiguration;
			buildSettings = {
				ALWAYS_SEARCH_USER_PATHS = NO;
				CLANG_CXX_LANGUAGE_STANDARD = "gnu++0x";
				CLANG_CXX_LIBRARY = "libc++";
				CLANG_ENABLE_MODULES = YES;
				CLANG_ENABLE_OBJC_ARC = YES;
				CLANG_WARN_BOOL_CONVERSION = YES;
				CLANG_WARN_CONSTANT_CONVERSION = YES;
				CLANG_WARN_DIRECT_OBJC_ISA_USAGE = YES_ERROR;
				CLANG_WARN_EMPTY_BODY = YES;
				CLANG_WARN_ENUM_CONVERSION = YES;
				CLANG_WARN_INT_CONVERSION = YES;
				CLANG_WARN_OBJC_ROOT_CLASS = YES_ERROR;
				CLANG_WARN_UNREACHABLE_CODE = YES;
				CLANG_WARN__DUPLICATE_METHOD_MATCH = YES;
				"CODE_SIGN_IDENTITY[sdk=iphoneos*]" = "iPhone Developer";
				COPY_PHASE_STRIP = NO;
				DEBUG_INFORMATION_FORMAT = "dwarf-with-dsym";
				ENABLE_NS_ASSERTIONS = NO;
				ENABLE_STRICT_OBJC_MSGSEND = YES;
				GCC_C_LANGUAGE_STANDARD = gnu99;
				GCC_NO_COMMON_BLOCKS = YES;
				GCC_WARN_64_TO_32_BIT_CONVERSION = YES;
				GCC_WARN_ABOUT_RETURN_TYPE = YES_ERROR;
				GCC_WARN_UNDECLARED_SELECTOR = YES;
				GCC_WARN_UNINITIALIZED_AUTOS = YES_AGGRESSIVE;
				GCC_WARN_UNUSED_FUNCTION = YES;
				GCC_WARN_UNUSED_VARIABLE = YES;
				IPHONEOS_DEPLOYMENT_TARGET = 8.4;
				MTL_ENABLE_DEBUG_INFO = NO;
				SDKROOT = iphoneos;
				TARGETED_DEVICE_FAMILY = "1,2";
				VALIDATE_PRODUCT = YES;
			};
			name = Release;
		};
		45236D6F1B7CD6B1002F2108 /* Debug */ = {
			isa = XCBuildConfiguration;
			buildSettings = {
				ASSETCATALOG_COMPILER_APPICON_NAME = AppIcon;
				INFOPLIST_FILE = "FPPicker iOS API Demo/Info.plist";
				LD_RUNPATH_SEARCH_PATHS = "$(inherited) @executable_path/Frameworks";
				PRODUCT_BUNDLE_IDENTIFIER = "io.filepicker.$(PRODUCT_NAME:rfc1034identifier)";
				PRODUCT_NAME = "$(TARGET_NAME)";
			};
			name = Debug;
		};
		45236D701B7CD6B1002F2108 /* Release */ = {
			isa = XCBuildConfiguration;
			buildSettings = {
				ASSETCATALOG_COMPILER_APPICON_NAME = AppIcon;
				INFOPLIST_FILE = "FPPicker iOS API Demo/Info.plist";
				LD_RUNPATH_SEARCH_PATHS = "$(inherited) @executable_path/Frameworks";
				PRODUCT_BUNDLE_IDENTIFIER = "io.filepicker.$(PRODUCT_NAME:rfc1034identifier)";
				PRODUCT_NAME = "$(TARGET_NAME)";
			};
			name = Release;
		};
/* End XCBuildConfiguration section */

/* Begin XCConfigurationList section */
		45236D461B7CD6B1002F2108 /* Build configuration list for PBXProject "FPPicker iOS API Demo" */ = {
			isa = XCConfigurationList;
			buildConfigurations = (
				45236D6C1B7CD6B1002F2108 /* Debug */,
				45236D6D1B7CD6B1002F2108 /* Release */,
			);
			defaultConfigurationIsVisible = 0;
			defaultConfigurationName = Release;
		};
		45236D6E1B7CD6B1002F2108 /* Build configuration list for PBXNativeTarget "FPPicker iOS API Demo" */ = {
			isa = XCConfigurationList;
			buildConfigurations = (
				45236D6F1B7CD6B1002F2108 /* Debug */,
				45236D701B7CD6B1002F2108 /* Release */,
			);
			defaultConfigurationIsVisible = 0;
			defaultConfigurationName = Release;
		};
/* End XCConfigurationList section */
	};
	rootObject = 45236D431B7CD6B1002F2108 /* Project object */;
}
