// !$*UTF8*$!
{
	archiveVersion = 1;
	classes = {
	};
	objectVersion = 46;
	objects = {

/* Begin PBXBuildFile section */
		830E7F2315AB8036002351BF /* FPPicker.bundle in Resources */ = {isa = PBXBuildFile; fileRef = 830E7F2115AB8036002351BF /* FPPicker.bundle */; };
		830E7F2415AB8036002351BF /* FPPicker.framework in Frameworks */ = {isa = PBXBuildFile; fileRef = 830E7F2215AB8036002351BF /* FPPicker.framework */; };
		83579F0415A8856900F83C85 /* AssetsLibrary.framework in Frameworks */ = {isa = PBXBuildFile; fileRef = 83579F0315A8856900F83C85 /* AssetsLibrary.framework */; };
		83579F0515A8859600F83C85 /* MobileCoreServices.framework in Frameworks */ = {isa = PBXBuildFile; fileRef = 8379A5EC15A7BBB0009D0D28 /* MobileCoreServices.framework */; };
		83579F0615A885A900F83C85 /* QuartzCore.framework in Frameworks */ = {isa = PBXBuildFile; fileRef = 8379A5EA15A7BB9F009D0D28 /* QuartzCore.framework */; };
		83579F0715A885BC00F83C85 /* CoreGraphics.framework in Frameworks */ = {isa = PBXBuildFile; fileRef = 8379A5CB15A7BA9D009D0D28 /* CoreGraphics.framework */; };
		836A9D48169B8F20006AC920 /* Default-568h@2x.png in Resources */ = {isa = PBXBuildFile; fileRef = 836A9D47169B8F20006AC920 /* Default-568h@2x.png */; };
		836A9D4C169B90DA006AC920 /* ViewController~iphone.xib in Resources */ = {isa = PBXBuildFile; fileRef = 836A9D4A169B90DA006AC920 /* ViewController~iphone.xib */; };
		836A9D54169B950F006AC920 /* fp.png in Resources */ = {isa = PBXBuildFile; fileRef = 836A9D53169B950F006AC920 /* fp.png */; };
		836A9D56169B9518006AC920 /* fp@2x.png in Resources */ = {isa = PBXBuildFile; fileRef = 836A9D55169B9518006AC920 /* fp@2x.png */; };
		836A9D5C169B960A006AC920 /* fp-ipad.png in Resources */ = {isa = PBXBuildFile; fileRef = 836A9D5B169B9609006AC920 /* fp-ipad.png */; };
		836A9D5E169B9614006AC920 /* fp-ipad@2x.png in Resources */ = {isa = PBXBuildFile; fileRef = 836A9D5D169B9614006AC920 /* fp-ipad@2x.png */; };
		8379A5C815A7BA9D009D0D28 /* UIKit.framework in Frameworks */ = {isa = PBXBuildFile; fileRef = 8379A5C715A7BA9D009D0D28 /* UIKit.framework */; };
		8379A5CA15A7BA9D009D0D28 /* Foundation.framework in Frameworks */ = {isa = PBXBuildFile; fileRef = 8379A5C915A7BA9D009D0D28 /* Foundation.framework */; };
		8379A5D215A7BA9D009D0D28 /* InfoPlist.strings in Resources */ = {isa = PBXBuildFile; fileRef = 8379A5D015A7BA9D009D0D28 /* InfoPlist.strings */; };
		8379A5D415A7BA9D009D0D28 /* main.m in Sources */ = {isa = PBXBuildFile; fileRef = 8379A5D315A7BA9D009D0D28 /* main.m */; };
		8379A5D815A7BA9D009D0D28 /* AppDelegate.m in Sources */ = {isa = PBXBuildFile; fileRef = 8379A5D715A7BA9D009D0D28 /* AppDelegate.m */; };
		8379A5DB15A7BA9D009D0D28 /* ViewController.m in Sources */ = {isa = PBXBuildFile; fileRef = 8379A5DA15A7BA9D009D0D28 /* ViewController.m */; };
		8379A5DE15A7BA9D009D0D28 /* ViewController.xib in Resources */ = {isa = PBXBuildFile; fileRef = 8379A5DC15A7BA9D009D0D28 /* ViewController.xib */; };
/* End PBXBuildFile section */

/* Begin PBXFileReference section */
		830E7F2115AB8036002351BF /* FPPicker.bundle */ = {isa = PBXFileReference; lastKnownFileType = "wrapper.plug-in"; path = FPPicker.bundle; sourceTree = "<group>"; };
		830E7F2215AB8036002351BF /* FPPicker.framework */ = {isa = PBXFileReference; lastKnownFileType = wrapper.framework; path = FPPicker.framework; sourceTree = "<group>"; };
		83579F0315A8856900F83C85 /* AssetsLibrary.framework */ = {isa = PBXFileReference; lastKnownFileType = wrapper.framework; name = AssetsLibrary.framework; path = System/Library/Frameworks/AssetsLibrary.framework; sourceTree = SDKROOT; };
		836A9D47169B8F20006AC920 /* Default-568h@2x.png */ = {isa = PBXFileReference; lastKnownFileType = image.png; path = "Default-568h@2x.png"; sourceTree = "<group>"; };
		836A9D4B169B90DA006AC920 /* en */ = {isa = PBXFileReference; lastKnownFileType = file.xib; name = en; path = "en.lproj/ViewController~iphone.xib"; sourceTree = "<group>"; };
		836A9D53169B950F006AC920 /* fp.png */ = {isa = PBXFileReference; lastKnownFileType = image.png; path = fp.png; sourceTree = "<group>"; };
		836A9D55169B9518006AC920 /* fp@2x.png */ = {isa = PBXFileReference; lastKnownFileType = image.png; path = "fp@2x.png"; sourceTree = "<group>"; };
		836A9D5B169B9609006AC920 /* fp-ipad.png */ = {isa = PBXFileReference; lastKnownFileType = image.png; path = "fp-ipad.png"; sourceTree = "<group>"; };
		836A9D5D169B9614006AC920 /* fp-ipad@2x.png */ = {isa = PBXFileReference; lastKnownFileType = image.png; path = "fp-ipad@2x.png"; sourceTree = "<group>"; };
		8379A5C315A7BA9D009D0D28 /* FilepickerDemo.app */ = {isa = PBXFileReference; explicitFileType = wrapper.application; includeInIndex = 0; path = FilepickerDemo.app; sourceTree = BUILT_PRODUCTS_DIR; };
		8379A5C715A7BA9D009D0D28 /* UIKit.framework */ = {isa = PBXFileReference; lastKnownFileType = wrapper.framework; name = UIKit.framework; path = System/Library/Frameworks/UIKit.framework; sourceTree = SDKROOT; };
		8379A5C915A7BA9D009D0D28 /* Foundation.framework */ = {isa = PBXFileReference; lastKnownFileType = wrapper.framework; name = Foundation.framework; path = System/Library/Frameworks/Foundation.framework; sourceTree = SDKROOT; };
		8379A5CB15A7BA9D009D0D28 /* CoreGraphics.framework */ = {isa = PBXFileReference; lastKnownFileType = wrapper.framework; name = CoreGraphics.framework; path = System/Library/Frameworks/CoreGraphics.framework; sourceTree = SDKROOT; };
		8379A5CF15A7BA9D009D0D28 /* FilepickerDemo-Info.plist */ = {isa = PBXFileReference; lastKnownFileType = text.plist.xml; path = "FilepickerDemo-Info.plist"; sourceTree = "<group>"; };
		8379A5D115A7BA9D009D0D28 /* en */ = {isa = PBXFileReference; lastKnownFileType = text.plist.strings; name = en; path = en.lproj/InfoPlist.strings; sourceTree = "<group>"; };
		8379A5D315A7BA9D009D0D28 /* main.m */ = {isa = PBXFileReference; lastKnownFileType = sourcecode.c.objc; path = main.m; sourceTree = "<group>"; };
		8379A5D515A7BA9D009D0D28 /* FilepickerDemo-Prefix.pch */ = {isa = PBXFileReference; lastKnownFileType = sourcecode.c.h; path = "FilepickerDemo-Prefix.pch"; sourceTree = "<group>"; };
		8379A5D615A7BA9D009D0D28 /* AppDelegate.h */ = {isa = PBXFileReference; lastKnownFileType = sourcecode.c.h; path = AppDelegate.h; sourceTree = "<group>"; };
		8379A5D715A7BA9D009D0D28 /* AppDelegate.m */ = {isa = PBXFileReference; lastKnownFileType = sourcecode.c.objc; path = AppDelegate.m; sourceTree = "<group>"; };
		8379A5D915A7BA9D009D0D28 /* ViewController.h */ = {isa = PBXFileReference; lastKnownFileType = sourcecode.c.h; path = ViewController.h; sourceTree = "<group>"; };
		8379A5DA15A7BA9D009D0D28 /* ViewController.m */ = {isa = PBXFileReference; lastKnownFileType = sourcecode.c.objc; path = ViewController.m; sourceTree = "<group>"; };
		8379A5DD15A7BA9D009D0D28 /* en */ = {isa = PBXFileReference; lastKnownFileType = file.xib; name = en; path = en.lproj/ViewController.xib; sourceTree = "<group>"; };
		8379A5EA15A7BB9F009D0D28 /* QuartzCore.framework */ = {isa = PBXFileReference; lastKnownFileType = wrapper.framework; name = QuartzCore.framework; path = System/Library/Frameworks/QuartzCore.framework; sourceTree = SDKROOT; };
		8379A5EC15A7BBB0009D0D28 /* MobileCoreServices.framework */ = {isa = PBXFileReference; lastKnownFileType = wrapper.framework; name = MobileCoreServices.framework; path = System/Library/Frameworks/MobileCoreServices.framework; sourceTree = SDKROOT; };
		8379A5EE15A7BBBA009D0D28 /* CoreFoundation.framework */ = {isa = PBXFileReference; lastKnownFileType = wrapper.framework; name = CoreFoundation.framework; path = System/Library/Frameworks/CoreFoundation.framework; sourceTree = SDKROOT; };
/* End PBXFileReference section */

/* Begin PBXFrameworksBuildPhase section */
		8379A5C015A7BA9D009D0D28 /* Frameworks */ = {
			isa = PBXFrameworksBuildPhase;
			buildActionMask = 2147483647;
			files = (
				83579F0715A885BC00F83C85 /* CoreGraphics.framework in Frameworks */,
				83579F0615A885A900F83C85 /* QuartzCore.framework in Frameworks */,
				83579F0515A8859600F83C85 /* MobileCoreServices.framework in Frameworks */,
				83579F0415A8856900F83C85 /* AssetsLibrary.framework in Frameworks */,
				8379A5C815A7BA9D009D0D28 /* UIKit.framework in Frameworks */,
				8379A5CA15A7BA9D009D0D28 /* Foundation.framework in Frameworks */,
				830E7F2415AB8036002351BF /* FPPicker.framework in Frameworks */,
			);
			runOnlyForDeploymentPostprocessing = 0;
		};
/* End PBXFrameworksBuildPhase section */

/* Begin PBXGroup section */
		8379A5B815A7BA9D009D0D28 = {
			isa = PBXGroup;
			children = (
				83579F0315A8856900F83C85 /* AssetsLibrary.framework */,
				8379A5CD15A7BA9D009D0D28 /* FilepickerDemo */,
				8379A5C615A7BA9D009D0D28 /* Frameworks */,
				8379A5C415A7BA9D009D0D28 /* Products */,
			);
			sourceTree = "<group>";
		};
		8379A5C415A7BA9D009D0D28 /* Products */ = {
			isa = PBXGroup;
			children = (
				8379A5C315A7BA9D009D0D28 /* FilepickerDemo.app */,
			);
			name = Products;
			sourceTree = "<group>";
		};
		8379A5C615A7BA9D009D0D28 /* Frameworks */ = {
			isa = PBXGroup;
			children = (
				830E7F2115AB8036002351BF /* FPPicker.bundle */,
				830E7F2215AB8036002351BF /* FPPicker.framework */,
				8379A5EE15A7BBBA009D0D28 /* CoreFoundation.framework */,
				8379A5EC15A7BBB0009D0D28 /* MobileCoreServices.framework */,
				8379A5EA15A7BB9F009D0D28 /* QuartzCore.framework */,
				8379A5C715A7BA9D009D0D28 /* UIKit.framework */,
				8379A5C915A7BA9D009D0D28 /* Foundation.framework */,
				8379A5CB15A7BA9D009D0D28 /* CoreGraphics.framework */,
			);
			name = Frameworks;
			sourceTree = "<group>";
		};
		8379A5CD15A7BA9D009D0D28 /* FilepickerDemo */ = {
			isa = PBXGroup;
			children = (
				8379A5D615A7BA9D009D0D28 /* AppDelegate.h */,
				8379A5D715A7BA9D009D0D28 /* AppDelegate.m */,
				8379A5D915A7BA9D009D0D28 /* ViewController.h */,
				8379A5DA15A7BA9D009D0D28 /* ViewController.m */,
				8379A5DC15A7BA9D009D0D28 /* ViewController.xib */,
				836A9D4A169B90DA006AC920 /* ViewController~iphone.xib */,
				836A9D47169B8F20006AC920 /* Default-568h@2x.png */,
				836A9D5D169B9614006AC920 /* fp-ipad@2x.png */,
				836A9D5B169B9609006AC920 /* fp-ipad.png */,
				836A9D55169B9518006AC920 /* fp@2x.png */,
				836A9D53169B950F006AC920 /* fp.png */,
				8379A5CE15A7BA9D009D0D28 /* Supporting Files */,
			);
			path = FilepickerDemo;
			sourceTree = "<group>";
		};
		8379A5CE15A7BA9D009D0D28 /* Supporting Files */ = {
			isa = PBXGroup;
			children = (
				8379A5CF15A7BA9D009D0D28 /* FilepickerDemo-Info.plist */,
				8379A5D015A7BA9D009D0D28 /* InfoPlist.strings */,
				8379A5D315A7BA9D009D0D28 /* main.m */,
				8379A5D515A7BA9D009D0D28 /* FilepickerDemo-Prefix.pch */,
			);
			name = "Supporting Files";
			sourceTree = "<group>";
		};
/* End PBXGroup section */

/* Begin PBXNativeTarget section */
		8379A5C215A7BA9D009D0D28 /* FilepickerDemo */ = {
			isa = PBXNativeTarget;
			buildConfigurationList = 8379A5E115A7BA9D009D0D28 /* Build configuration list for PBXNativeTarget "FilepickerDemo" */;
			buildPhases = (
				8379A5BF15A7BA9D009D0D28 /* Sources */,
				8379A5C015A7BA9D009D0D28 /* Frameworks */,
				8379A5C115A7BA9D009D0D28 /* Resources */,
			);
			buildRules = (
			);
			dependencies = (
			);
			name = FilepickerDemo;
			productName = FilepickerDemo;
			productReference = 8379A5C315A7BA9D009D0D28 /* FilepickerDemo.app */;
			productType = "com.apple.product-type.application";
		};
/* End PBXNativeTarget section */

/* Begin PBXProject section */
		8379A5BA15A7BA9D009D0D28 /* Project object */ = {
			isa = PBXProject;
			attributes = {
				LastUpgradeCheck = 0500;
			};
			buildConfigurationList = 8379A5BD15A7BA9D009D0D28 /* Build configuration list for PBXProject "FilepickerDemo" */;
			compatibilityVersion = "Xcode 3.2";
			developmentRegion = English;
			hasScannedForEncodings = 0;
			knownRegions = (
				en,
			);
			mainGroup = 8379A5B815A7BA9D009D0D28;
			productRefGroup = 8379A5C415A7BA9D009D0D28 /* Products */;
			projectDirPath = "";
			projectRoot = "";
			targets = (
				8379A5C215A7BA9D009D0D28 /* FilepickerDemo */,
			);
		};
/* End PBXProject section */

/* Begin PBXResourcesBuildPhase section */
		8379A5C115A7BA9D009D0D28 /* Resources */ = {
			isa = PBXResourcesBuildPhase;
			buildActionMask = 2147483647;
			files = (
				8379A5D215A7BA9D009D0D28 /* InfoPlist.strings in Resources */,
				8379A5DE15A7BA9D009D0D28 /* ViewController.xib in Resources */,
				830E7F2315AB8036002351BF /* FPPicker.bundle in Resources */,
				836A9D48169B8F20006AC920 /* Default-568h@2x.png in Resources */,
				836A9D4C169B90DA006AC920 /* ViewController~iphone.xib in Resources */,
				836A9D54169B950F006AC920 /* fp.png in Resources */,
				836A9D56169B9518006AC920 /* fp@2x.png in Resources */,
				836A9D5C169B960A006AC920 /* fp-ipad.png in Resources */,
				836A9D5E169B9614006AC920 /* fp-ipad@2x.png in Resources */,
			);
			runOnlyForDeploymentPostprocessing = 0;
		};
/* End PBXResourcesBuildPhase section */

/* Begin PBXSourcesBuildPhase section */
		8379A5BF15A7BA9D009D0D28 /* Sources */ = {
			isa = PBXSourcesBuildPhase;
			buildActionMask = 2147483647;
			files = (
				8379A5D415A7BA9D009D0D28 /* main.m in Sources */,
				8379A5D815A7BA9D009D0D28 /* AppDelegate.m in Sources */,
				8379A5DB15A7BA9D009D0D28 /* ViewController.m in Sources */,
			);
			runOnlyForDeploymentPostprocessing = 0;
		};
/* End PBXSourcesBuildPhase section */

/* Begin PBXVariantGroup section */
		836A9D4A169B90DA006AC920 /* ViewController~iphone.xib */ = {
			isa = PBXVariantGroup;
			children = (
				836A9D4B169B90DA006AC920 /* en */,
			);
			name = "ViewController~iphone.xib";
			sourceTree = "<group>";
		};
		8379A5D015A7BA9D009D0D28 /* InfoPlist.strings */ = {
			isa = PBXVariantGroup;
			children = (
				8379A5D115A7BA9D009D0D28 /* en */,
			);
			name = InfoPlist.strings;
			sourceTree = "<group>";
		};
		8379A5DC15A7BA9D009D0D28 /* ViewController.xib */ = {
			isa = PBXVariantGroup;
			children = (
				8379A5DD15A7BA9D009D0D28 /* en */,
			);
			name = ViewController.xib;
			sourceTree = "<group>";
		};
/* End PBXVariantGroup section */

/* Begin XCBuildConfiguration section */
		8379A5DF15A7BA9D009D0D28 /* Debug */ = {
			isa = XCBuildConfiguration;
			buildSettings = {
				ALWAYS_SEARCH_USER_PATHS = NO;
				ARCHS = "$(ARCHS_STANDARD)";
				CLANG_ENABLE_OBJC_ARC = YES;
				CLANG_WARN_BOOL_CONVERSION = YES;
				CLANG_WARN_CONSTANT_CONVERSION = YES;
				CLANG_WARN_EMPTY_BODY = YES;
				CLANG_WARN_ENUM_CONVERSION = YES;
				CLANG_WARN_INT_CONVERSION = YES;
				CLANG_WARN__DUPLICATE_METHOD_MATCH = YES;
				"CODE_SIGN_IDENTITY[sdk=iphoneos*]" = "iPhone Developer";
				COPY_PHASE_STRIP = NO;
				GCC_C_LANGUAGE_STANDARD = gnu99;
				GCC_DYNAMIC_NO_PIC = NO;
				GCC_OPTIMIZATION_LEVEL = 0;
				GCC_PREPROCESSOR_DEFINITIONS = (
					"DEBUG=1",
					"$(inherited)",
				);
				GCC_SYMBOLS_PRIVATE_EXTERN = NO;
				GCC_VERSION = com.apple.compilers.llvm.clang.1_0;
				GCC_WARN_64_TO_32_BIT_CONVERSION = YES;
				GCC_WARN_ABOUT_RETURN_TYPE = YES;
				GCC_WARN_UNDECLARED_SELECTOR = YES;
				GCC_WARN_UNINITIALIZED_AUTOS = YES;
				GCC_WARN_UNUSED_FUNCTION = YES;
				GCC_WARN_UNUSED_VARIABLE = YES;
				IPHONEOS_DEPLOYMENT_TARGET = 5.1.1;
				ONLY_ACTIVE_ARCH = YES;
				SDKROOT = iphoneos;
				TARGETED_DEVICE_FAMILY = 2;
			};
			name = Debug;
		};
		8379A5E015A7BA9D009D0D28 /* Release */ = {
			isa = XCBuildConfiguration;
			buildSettings = {
				ALWAYS_SEARCH_USER_PATHS = NO;
				ARCHS = "$(ARCHS_STANDARD)";
				CLANG_ENABLE_OBJC_ARC = YES;
				CLANG_WARN_BOOL_CONVERSION = YES;
				CLANG_WARN_CONSTANT_CONVERSION = YES;
				CLANG_WARN_EMPTY_BODY = YES;
				CLANG_WARN_ENUM_CONVERSION = YES;
				CLANG_WARN_INT_CONVERSION = YES;
				CLANG_WARN__DUPLICATE_METHOD_MATCH = YES;
				"CODE_SIGN_IDENTITY[sdk=iphoneos*]" = "iPhone Developer";
				COPY_PHASE_STRIP = YES;
				GCC_C_LANGUAGE_STANDARD = gnu99;
				GCC_VERSION = com.apple.compilers.llvm.clang.1_0;
				GCC_WARN_64_TO_32_BIT_CONVERSION = YES;
				GCC_WARN_ABOUT_RETURN_TYPE = YES;
				GCC_WARN_UNDECLARED_SELECTOR = YES;
				GCC_WARN_UNINITIALIZED_AUTOS = YES;
				GCC_WARN_UNUSED_FUNCTION = YES;
				GCC_WARN_UNUSED_VARIABLE = YES;
				IPHONEOS_DEPLOYMENT_TARGET = 5.1.1;
				ONLY_ACTIVE_ARCH = YES;
				OTHER_CFLAGS = "-DNS_BLOCK_ASSERTIONS=1";
				SDKROOT = iphoneos;
				TARGETED_DEVICE_FAMILY = 2;
				VALIDATE_PRODUCT = YES;
			};
			name = Release;
		};
		8379A5E215A7BA9D009D0D28 /* Debug */ = {
			isa = XCBuildConfiguration;
			buildSettings = {
				FRAMEWORK_SEARCH_PATHS = (
					"$(inherited)",
					"$(SRCROOT)",
					"/Users/brettcvz/ios-picker/FilepickerDemo",
				);
				GCC_PRECOMPILE_PREFIX_HEADER = YES;
				GCC_PREFIX_HEADER = "FilepickerDemo/FilepickerDemo-Prefix.pch";
				INFOPLIST_FILE = "FilepickerDemo/FilepickerDemo-Info.plist";
				IPHONEOS_DEPLOYMENT_TARGET = 5.0;
				OTHER_LDFLAGS = "-all_load";
				PRODUCT_NAME = "$(TARGET_NAME)";
				TARGETED_DEVICE_FAMILY = "1,2";
				WRAPPER_EXTENSION = app;
			};
			name = Debug;
		};
		8379A5E315A7BA9D009D0D28 /* Release */ = {
			isa = XCBuildConfiguration;
			buildSettings = {
				FRAMEWORK_SEARCH_PATHS = (
					"$(inherited)",
					"$(SRCROOT)",
					"/Users/brettcvz/ios-picker/FilepickerDemo",
				);
				GCC_PRECOMPILE_PREFIX_HEADER = YES;
				GCC_PREFIX_HEADER = "FilepickerDemo/FilepickerDemo-Prefix.pch";
				INFOPLIST_FILE = "FilepickerDemo/FilepickerDemo-Info.plist";
				IPHONEOS_DEPLOYMENT_TARGET = 5.0;
				OTHER_LDFLAGS = "-all_load";
				PRODUCT_NAME = "$(TARGET_NAME)";
				TARGETED_DEVICE_FAMILY = "1,2";
				WRAPPER_EXTENSION = app;
			};
			name = Release;
		};
/* End XCBuildConfiguration section */

/* Begin XCConfigurationList section */
		8379A5BD15A7BA9D009D0D28 /* Build configuration list for PBXProject "FilepickerDemo" */ = {
			isa = XCConfigurationList;
			buildConfigurations = (
				8379A5DF15A7BA9D009D0D28 /* Debug */,
				8379A5E015A7BA9D009D0D28 /* Release */,
			);
			defaultConfigurationIsVisible = 0;
			defaultConfigurationName = Release;
		};
		8379A5E115A7BA9D009D0D28 /* Build configuration list for PBXNativeTarget "FilepickerDemo" */ = {
			isa = XCConfigurationList;
			buildConfigurations = (
				8379A5E215A7BA9D009D0D28 /* Debug */,
				8379A5E315A7BA9D009D0D28 /* Release */,
			);
			defaultConfigurationIsVisible = 0;
			defaultConfigurationName = Release;
		};
/* End XCConfigurationList section */
	};
	rootObject = 8379A5BA15A7BA9D009D0D28 /* Project object */;
}
